
Microsoft Visual Studio Solution File, Format Version 12.00
# Visual Studio Version 16
VisualStudioVersion = 16.0.28407.52
MinimumVisualStudioVersion = 10.0.40219.1
Project("{9A19103F-16F7-4668-BE54-9A1E7A4F7556}") = "Framework.Test", "Framework.Test\Framework.Test.csproj", "{854C3094-1DD6-46DE-BE88-A88F81B164C3}"
EndProject
Project("{FAE04EC0-301F-11D3-BF4B-00C04F79EFBC}") = "Core", "Core\Core.csproj", "{65CEE35A-5734-4642-BD63-45B7E2220139}"
EndProject
Project("{9A19103F-16F7-4668-BE54-9A1E7A4F7556}") = "Network", "Network\Network.csproj", "{A20292E3-E987-4227-A0D4-8B617B9BF2DF}"
EndProject
Project("{FAE04EC0-301F-11D3-BF4B-00C04F79EFBC}") = "Client", "Client\Client.csproj", "{0BBF4D0F-9B75-48EC-922C-9260415CCFE6}"
EndProject
Project("{FAE04EC0-301F-11D3-BF4B-00C04F79EFBC}") = "Server.LiteNetLib", "Server.LiteNetLib\Server.LiteNetLib.csproj", "{C76F54B5-B7D6-4B7B-AFD2-009D76DD5175}"
EndProject
Project("{FAE04EC0-301F-11D3-BF4B-00C04F79EFBC}") = "Server", "Server\Server.csproj", "{A1600F19-32C9-4DDA-9675-B81DFAD9FC37}"
EndProject
Global
	GlobalSection(SolutionConfigurationPlatforms) = preSolution
		Debug|Any CPU = Debug|Any CPU
		Release|Any CPU = Release|Any CPU
	EndGlobalSection
	GlobalSection(ProjectConfigurationPlatforms) = postSolution
		{854C3094-1DD6-46DE-BE88-A88F81B164C3}.Debug|Any CPU.ActiveCfg = Debug|Any CPU
		{854C3094-1DD6-46DE-BE88-A88F81B164C3}.Debug|Any CPU.Build.0 = Debug|Any CPU
		{854C3094-1DD6-46DE-BE88-A88F81B164C3}.Release|Any CPU.ActiveCfg = Release|Any CPU
		{854C3094-1DD6-46DE-BE88-A88F81B164C3}.Release|Any CPU.Build.0 = Release|Any CPU
		{65CEE35A-5734-4642-BD63-45B7E2220139}.Debug|Any CPU.ActiveCfg = Debug|Any CPU
		{65CEE35A-5734-4642-BD63-45B7E2220139}.Debug|Any CPU.Build.0 = Debug|Any CPU
		{65CEE35A-5734-4642-BD63-45B7E2220139}.Release|Any CPU.ActiveCfg = Release|Any CPU
		{65CEE35A-5734-4642-BD63-45B7E2220139}.Release|Any CPU.Build.0 = Release|Any CPU
		{A20292E3-E987-4227-A0D4-8B617B9BF2DF}.Debug|Any CPU.ActiveCfg = Debug|Any CPU
		{A20292E3-E987-4227-A0D4-8B617B9BF2DF}.Debug|Any CPU.Build.0 = Debug|Any CPU
		{A20292E3-E987-4227-A0D4-8B617B9BF2DF}.Release|Any CPU.ActiveCfg = Release|Any CPU
		{A20292E3-E987-4227-A0D4-8B617B9BF2DF}.Release|Any CPU.Build.0 = Release|Any CPU
		{0BBF4D0F-9B75-48EC-922C-9260415CCFE6}.Debug|Any CPU.ActiveCfg = Debug|Any CPU
		{0BBF4D0F-9B75-48EC-922C-9260415CCFE6}.Debug|Any CPU.Build.0 = Debug|Any CPU
		{0BBF4D0F-9B75-48EC-922C-9260415CCFE6}.Release|Any CPU.ActiveCfg = Release|Any CPU
		{0BBF4D0F-9B75-48EC-922C-9260415CCFE6}.Release|Any CPU.Build.0 = Release|Any CPU
		{C76F54B5-B7D6-4B7B-AFD2-009D76DD5175}.Debug|Any CPU.ActiveCfg = Debug|Any CPU
		{C76F54B5-B7D6-4B7B-AFD2-009D76DD5175}.Debug|Any CPU.Build.0 = Debug|Any CPU
		{C76F54B5-B7D6-4B7B-AFD2-009D76DD5175}.Release|Any CPU.ActiveCfg = Release|Any CPU
		{C76F54B5-B7D6-4B7B-AFD2-009D76DD5175}.Release|Any CPU.Build.0 = Release|Any CPU
		{A1600F19-32C9-4DDA-9675-B81DFAD9FC37}.Debug|Any CPU.ActiveCfg = Debug|Any CPU
		{A1600F19-32C9-4DDA-9675-B81DFAD9FC37}.Debug|Any CPU.Build.0 = Debug|Any CPU
		{A1600F19-32C9-4DDA-9675-B81DFAD9FC37}.Release|Any CPU.ActiveCfg = Release|Any CPU
		{A1600F19-32C9-4DDA-9675-B81DFAD9FC37}.Release|Any CPU.Build.0 = Release|Any CPU
	EndGlobalSection
	GlobalSection(SolutionProperties) = preSolution
		HideSolutionNode = FALSE
	EndGlobalSection
	GlobalSection(ExtensibilityGlobals) = postSolution
		SolutionGuid = {485648E2-7780-43AA-8B61-59002B6E6DB8}
	EndGlobalSection
EndGlobal
