
Microsoft Visual Studio Solution File, Format Version 12.00
# Visual Studio Version 16
VisualStudioVersion = 16.0.28516.95
MinimumVisualStudioVersion = 10.0.40219.1
Project("{FAE04EC0-301F-11D3-BF4B-00C04F79EFBC}") = "Server.LiteNetLib", "Server.LiteNetLib\Server.LiteNetLib.csproj", "{CFE47EAA-1E40-4403-8A0B-40EBCE3049BE}"
EndProject
Global
	GlobalSection(SolutionConfigurationPlatforms) = preSolution
		Debug|Any CPU = Debug|Any CPU
		Release|Any CPU = Release|Any CPU
	EndGlobalSection
	GlobalSection(ProjectConfigurationPlatforms) = postSolution
		{CFE47EAA-1E40-4403-8A0B-40EBCE3049BE}.Debug|Any CPU.ActiveCfg = Debug|Any CPU
		{CFE47EAA-1E40-4403-8A0B-40EBCE3049BE}.Debug|Any CPU.Build.0 = Debug|Any CPU
		{CFE47EAA-1E40-4403-8A0B-40EBCE3049BE}.Release|Any CPU.ActiveCfg = Release|Any CPU
		{CFE47EAA-1E40-4403-8A0B-40EBCE3049BE}.Release|Any CPU.Build.0 = Release|Any CPU
	EndGlobalSection
	GlobalSection(SolutionProperties) = preSolution
		HideSolutionNode = FALSE
	EndGlobalSection
	GlobalSection(ExtensibilityGlobals) = postSolution
		SolutionGuid = {96ED0817-E22A-4E88-9D68-120543636A19}
	EndGlobalSection
EndGlobal
